
Microsoft Visual Studio Solution File, Format Version 12.00
# Visual Studio 15
VisualStudioVersion = 15.0.27428.2015
MinimumVisualStudioVersion = 10.0.40219.1
Project("{FAE04EC0-301F-11D3-BF4B-00C04F79EFBC}") = "console1", "console1\console1.csproj", "{110591FC-0443-496A-8E2C-92076EA19E04}"
EndProject
Global
	GlobalSection(SolutionConfigurationPlatforms) = preSolution
		Debug|Any CPU = Debug|Any CPU
		Release|Any CPU = Release|Any CPU
	EndGlobalSection
	GlobalSection(ProjectConfigurationPlatforms) = postSolution
		{110591FC-0443-496A-8E2C-92076EA19E04}.Debug|Any CPU.ActiveCfg = Debug|Any CPU
		{110591FC-0443-496A-8E2C-92076EA19E04}.Debug|Any CPU.Build.0 = Debug|Any CPU
		{110591FC-0443-496A-8E2C-92076EA19E04}.Release|Any CPU.ActiveCfg = Release|Any CPU
		{110591FC-0443-496A-8E2C-92076EA19E04}.Release|Any CPU.Build.0 = Release|Any CPU
	EndGlobalSection
	GlobalSection(SolutionProperties) = preSolution
		HideSolutionNode = FALSE
	EndGlobalSection
	GlobalSection(ExtensibilityGlobals) = postSolution
		SolutionGuid = {25BB0FB9-5444-4EBE-BCBA-3B2FE3606F1C}
	EndGlobalSection
EndGlobal
